<?xml version="1.0" encoding="utf-8"?>
<Project ToolsVersion="4.0" xmlns="http://schemas.microsoft.com/developer/msbuild/2003">
  <ItemGroup>
    <Filter Include="Source Files">
      <UniqueIdentifier>{4FC737F1-C7A5-4376-A066-2A32D752A2FF}</UniqueIdentifier>
      <Extensions>cpp;c;cc;cxx;def;odl;idl;hpj;bat;asm;asmx</Extensions>
    </Filter>
    <Filter Include="Header Files">
      <UniqueIdentifier>{93995380-89BD-4b04-88EB-625FBE52EBFB}</UniqueIdentifier>
      <Extensions>h;hh;hpp;hxx;hm;inl;inc;ipp;xsd</Extensions>
    </Filter>
    <Filter Include="Resource Files">
      <UniqueIdentifier>{67DA6AB6-F800-4c08-8B7A-83BB121AAD01}</UniqueIdentifier>
      <Extensions>rc;ico;cur;bmp;dlg;rc2;rct;bin;rgs;gif;jpg;jpeg;jpe;resx;tiff;tif;png;wav;mfcribbon-ms</Extensions>
    </Filter>
    <Filter Include="Source Files\Graphics">
      <UniqueIdentifier>{e9d3bc02-0058-4bae-96e7-7c12c2a16c8e}</UniqueIdentifier>
    </Filter>
    <Filter Include="Source Files\Content">
      <UniqueIdentifier>{f6953793-c27f-4024-a66e-cd8acb531c7f}</UniqueIdentifier>
    </Filter>
    <Filter Include="Source Files\Content\Shaders">
      <UniqueIdentifier>{3c61d4ac-4053-4f7f-aaba-2c25ed7ebc94}</UniqueIdentifier>
    </Filter>
    <Filter Include="Source Files\Graphics\Mesh">
      <UniqueIdentifier>{817e3c49-f8ec-4431-9f9d-7d1ace5a88c9}</UniqueIdentifier>
    </Filter>
    <Filter Include="Source Files\Transform">
      <UniqueIdentifier>{77ac8f05-b43c-4c6b-9bf7-59a19186ed7d}</UniqueIdentifier>
    </Filter>
    <Filter Include="Source Files\Graphics\Buffer">
      <UniqueIdentifier>{904ecd87-edcf-4ced-9abf-8cc66c3b9b02}</UniqueIdentifier>
    </Filter>
    <Filter Include="Source Files\Graphics\Descriptors">
      <UniqueIdentifier>{58c38b15-aaa5-46eb-812e-da9dcf008784}</UniqueIdentifier>
    </Filter>
    <Filter Include="Source Files\Graphics\Model">
      <UniqueIdentifier>{e92c7115-4590-400d-9723-3034e6a27ed1}</UniqueIdentifier>
    </Filter>
    <Filter Include="Source Files\Graphics\Texture">
      <UniqueIdentifier>{a52b2ace-5685-4a43-86c9-7029cc85af33}</UniqueIdentifier>
    </Filter>
    <Filter Include="Source Files\Input">
      <UniqueIdentifier>{6908c62a-e18e-44db-b711-98a43ff3c567}</UniqueIdentifier>
    </Filter>
  </ItemGroup>
  <ItemGroup>
    <ClCompile Include="Engine.cpp">
      <Filter>Source Files</Filter>
    </ClCompile>
    <ClCompile Include="Graphics\VKRenderer.cpp">
      <Filter>Source Files\Graphics</Filter>
    </ClCompile>
    <ClCompile Include="Graphics\Utilities.cpp">
      <Filter>Source Files\Graphics</Filter>
    </ClCompile>
    <ClCompile Include="Transform\Transform.cpp">
      <Filter>Source Files\Transform</Filter>
    </ClCompile>
    <ClCompile Include="Graphics\Buffer\Buffer.cpp">
      <Filter>Source Files\Graphics\Buffer</Filter>
    </ClCompile>
    <ClCompile Include="Graphics\Descriptors\Descriptor.cpp">
      <Filter>Source Files\Graphics\Descriptors</Filter>
    </ClCompile>
    <ClCompile Include="Graphics\Descriptors\Descriptor_Dynamic.cpp">
      <Filter>Source Files\Graphics\Descriptors</Filter>
    </ClCompile>
    <ClCompile Include="Graphics\Model\Model.cpp">
      <Filter>Source Files\Graphics\Model</Filter>
    </ClCompile>
    <ClCompile Include="Graphics\Mesh\Mesh.cpp">
      <Filter>Source Files\Graphics\Mesh</Filter>
    </ClCompile>
    <ClCompile Include="Graphics\Texture\Texture.cpp">
      <Filter>Source Files\Graphics\Texture</Filter>
    </ClCompile>
    <ClCompile Include="Input\InputDelegate.cpp">
      <Filter>Source Files\Input</Filter>
    </ClCompile>
    <ClCompile Include="Input\UserInput.cpp">
      <Filter>Source Files\Input</Filter>
    </ClCompile>
    <ClCompile Include="Graphics\Camera.cpp">
      <Filter>Source Files\Graphics</Filter>
    </ClCompile>
    <ClCompile Include="Graphics\ComputePass.cpp">
      <Filter>Source Files\Graphics</Filter>
    </ClCompile>
  </ItemGroup>
  <ItemGroup>
    <ClInclude Include="Engine.h">
      <Filter>Source Files</Filter>
    </ClInclude>
    <ClInclude Include="Graphics\VKRenderer.h">
      <Filter>Source Files\Graphics</Filter>
    </ClInclude>
    <ClInclude Include="Graphics\Utilities.h">
      <Filter>Source Files\Graphics</Filter>
    </ClInclude>
    <ClInclude Include="Transform\Transform.h">
      <Filter>Source Files\Transform</Filter>
    </ClInclude>
    <ClInclude Include="Graphics\BufferFormats.h">
      <Filter>Source Files\Graphics</Filter>
    </ClInclude>
    <ClInclude Include="Graphics\Buffer\Buffer.h">
      <Filter>Source Files\Graphics\Buffer</Filter>
    </ClInclude>
    <ClInclude Include="Graphics\Descriptors\Descriptor.h">
      <Filter>Source Files\Graphics\Descriptors</Filter>
    </ClInclude>
    <ClInclude Include="Graphics\Descriptors\Descriptor_Dynamic.h">
      <Filter>Source Files\Graphics\Descriptors</Filter>
    </ClInclude>
    <ClInclude Include="Graphics\stb_image.h">
      <Filter>Source Files\Graphics</Filter>
    </ClInclude>
    <ClInclude Include="Graphics\Model\Model.h">
      <Filter>Source Files\Graphics\Model</Filter>
    </ClInclude>
    <ClInclude Include="Graphics\Mesh\Mesh.h">
      <Filter>Source Files\Graphics\Mesh</Filter>
    </ClInclude>
    <ClInclude Include="Graphics\Texture\Texture.h">
      <Filter>Source Files\Graphics\Texture</Filter>
    </ClInclude>
    <ClInclude Include="Input\InputDelegate.h">
      <Filter>Source Files\Input</Filter>
    </ClInclude>
    <ClInclude Include="Input\UserInput.h">
      <Filter>Source Files\Input</Filter>
    </ClInclude>
    <ClInclude Include="Graphics\Camera.h">
      <Filter>Source Files\Graphics</Filter>
    </ClInclude>
    <ClInclude Include="Graphics\ComputePass.h">
      <Filter>Source Files\Graphics</Filter>
    </ClInclude>
  </ItemGroup>
</Project>